
Microsoft Visual Studio Solution File, Format Version 12.00
# Visual Studio Version 17
VisualStudioVersion = 17.14.37111.16 d17.14
MinimumVisualStudioVersion = 10.0.40219.1
Project("{FAE04EC0-301F-11D3-BF4B-00C04F79EFBC}") = "TodoApi", "TodoApi\TodoApi.csproj", "{AFF722AE-D56F-4E5A-A68D-51B69954D29D}"
EndProject
Global
	GlobalSection(SolutionConfigurationPlatforms) = preSolution
		Debug|Any CPU = Debug|Any CPU
		Release|Any CPU = Release|Any CPU
	EndGlobalSection
	GlobalSection(ProjectConfigurationPlatforms) = postSolution
		{AFF722AE-D56F-4E5A-A68D-51B69954D29D}.Debug|Any CPU.ActiveCfg = Debug|Any CPU
		{AFF722AE-D56F-4E5A-A68D-51B69954D29D}.Debug|Any CPU.Build.0 = Debug|Any CPU
		{AFF722AE-D56F-4E5A-A68D-51B69954D29D}.Release|Any CPU.ActiveCfg = Release|Any CPU
		{AFF722AE-D56F-4E5A-A68D-51B69954D29D}.Release|Any CPU.Build.0 = Release|Any CPU
	EndGlobalSection
	GlobalSection(SolutionProperties) = preSolution
		HideSolutionNode = FALSE
	EndGlobalSection
	GlobalSection(ExtensibilityGlobals) = postSolution
		SolutionGuid = {7BC4D07F-53BA-46B1-8565-478DCAAB59C8}
	EndGlobalSection
EndGlobal
