
Microsoft Visual Studio Solution File, Format Version 12.00
# Visual Studio Version 17
VisualStudioVersion = 17.14.37111.16 d17.14
MinimumVisualStudioVersion = 10.0.40219.1
Project("{FAE04EC0-301F-11D3-BF4B-00C04F79EFBC}") = "ContosoUniversity", "ContosoUniversity\ContosoUniversity.csproj", "{5BBB9E6E-C923-4D38-8AE0-ABEB3D026280}"
EndProject
Global
	GlobalSection(SolutionConfigurationPlatforms) = preSolution
		Debug|Any CPU = Debug|Any CPU
		Release|Any CPU = Release|Any CPU
	EndGlobalSection
	GlobalSection(ProjectConfigurationPlatforms) = postSolution
		{5BBB9E6E-C923-4D38-8AE0-ABEB3D026280}.Debug|Any CPU.ActiveCfg = Debug|Any CPU
		{5BBB9E6E-C923-4D38-8AE0-ABEB3D026280}.Debug|Any CPU.Build.0 = Debug|Any CPU
		{5BBB9E6E-C923-4D38-8AE0-ABEB3D026280}.Release|Any CPU.ActiveCfg = Release|Any CPU
		{5BBB9E6E-C923-4D38-8AE0-ABEB3D026280}.Release|Any CPU.Build.0 = Release|Any CPU
	EndGlobalSection
	GlobalSection(SolutionProperties) = preSolution
		HideSolutionNode = FALSE
	EndGlobalSection
	GlobalSection(ExtensibilityGlobals) = postSolution
		SolutionGuid = {2EE0F479-EA12-4E18-A939-0382904208D5}
	EndGlobalSection
EndGlobal
