
Microsoft Visual Studio Solution File, Format Version 12.00
# Visual Studio Version 17
VisualStudioVersion = 17.14.37111.16 d17.14
MinimumVisualStudioVersion = 10.0.40219.1
Project("{FAE04EC0-301F-11D3-BF4B-00C04F79EFBC}") = "MvcMovie", "MvcMovie\MvcMovie.csproj", "{7E4B3917-7671-4F3C-9EB8-6755CE76E843}"
EndProject
Global
	GlobalSection(SolutionConfigurationPlatforms) = preSolution
		Debug|Any CPU = Debug|Any CPU
		Release|Any CPU = Release|Any CPU
	EndGlobalSection
	GlobalSection(ProjectConfigurationPlatforms) = postSolution
		{7E4B3917-7671-4F3C-9EB8-6755CE76E843}.Debug|Any CPU.ActiveCfg = Debug|Any CPU
		{7E4B3917-7671-4F3C-9EB8-6755CE76E843}.Debug|Any CPU.Build.0 = Debug|Any CPU
		{7E4B3917-7671-4F3C-9EB8-6755CE76E843}.Release|Any CPU.ActiveCfg = Release|Any CPU
		{7E4B3917-7671-4F3C-9EB8-6755CE76E843}.Release|Any CPU.Build.0 = Release|Any CPU
	EndGlobalSection
	GlobalSection(SolutionProperties) = preSolution
		HideSolutionNode = FALSE
	EndGlobalSection
	GlobalSection(ExtensibilityGlobals) = postSolution
		SolutionGuid = {E5AF726A-6601-4B41-A2EA-B22E981E6B43}
	EndGlobalSection
EndGlobal
